
Microsoft Visual Studio Solution File, Format Version 12.00
# Visual Studio Version 16
VisualStudioVersion = 16.0.29025.244
MinimumVisualStudioVersion = 10.0.40219.1
Project("{9A19103F-16F7-4668-BE54-9A1E7A4F7556}") = "CLCompiler", "CLCompiler.csproj", "{88DE2CDF-068B-44D9-BA23-011448559F23}"
EndProject
Global
	GlobalSection(SolutionConfigurationPlatforms) = preSolution
		Debug|Any CPU = Debug|Any CPU
		Release|Any CPU = Release|Any CPU
	EndGlobalSection
	GlobalSection(ProjectConfigurationPlatforms) = postSolution
		{88DE2CDF-068B-44D9-BA23-011448559F23}.Debug|Any CPU.ActiveCfg = Debug|Any CPU
		{88DE2CDF-068B-44D9-BA23-011448559F23}.Debug|Any CPU.Build.0 = Debug|Any CPU
		{88DE2CDF-068B-44D9-BA23-011448559F23}.Release|Any CPU.ActiveCfg = Release|Any CPU
		{88DE2CDF-068B-44D9-BA23-011448559F23}.Release|Any CPU.Build.0 = Release|Any CPU
	EndGlobalSection
	GlobalSection(SolutionProperties) = preSolution
		HideSolutionNode = FALSE
	EndGlobalSection
	GlobalSection(ExtensibilityGlobals) = postSolution
		SolutionGuid = {190F136B-53D3-4BDA-AE12-36D0498C931C}
	EndGlobalSection
EndGlobal
